
Microsoft Visual Studio Solution File, Format Version 12.00
# Visual Studio Version 16
VisualStudioVersion = 16.0.31613.86
MinimumVisualStudioVersion = 10.0.40219.1
Project("{FAE04EC0-301F-11D3-BF4B-00C04F79EFBC}") = "Dato", "Dato.csproj", "{4D05B45F-5198-4B43-84AC-1E4D91B58873}"
EndProject
Global
	GlobalSection(SolutionConfigurationPlatforms) = preSolution
		Debug|Any CPU = Debug|Any CPU
		Release|Any CPU = Release|Any CPU
	EndGlobalSection
	GlobalSection(ProjectConfigurationPlatforms) = postSolution
		{4D05B45F-5198-4B43-84AC-1E4D91B58873}.Debug|Any CPU.ActiveCfg = Debug|Any CPU
		{4D05B45F-5198-4B43-84AC-1E4D91B58873}.Debug|Any CPU.Build.0 = Debug|Any CPU
		{4D05B45F-5198-4B43-84AC-1E4D91B58873}.Release|Any CPU.ActiveCfg = Release|Any CPU
		{4D05B45F-5198-4B43-84AC-1E4D91B58873}.Release|Any CPU.Build.0 = Release|Any CPU
	EndGlobalSection
	GlobalSection(SolutionProperties) = preSolution
		HideSolutionNode = FALSE
	EndGlobalSection
	GlobalSection(ExtensibilityGlobals) = postSolution
		SolutionGuid = {20281B1B-27DC-46A2-8DA6-ED2B69E8F6FD}
	EndGlobalSection
EndGlobal
